
Microsoft Visual Studio Solution File, Format Version 11.00
# Visual Studio 2010
Project("{E24C65DC-7377-472B-9ABA-BC803B73C61A}") = "WebSite", "..\WebSite\", "{378C3D4E-B79A-42F7-8527-AE5DBAD56526}"
	ProjectSection(WebsiteProperties) = preProject
		TargetFrameworkMoniker = ".NETFramework,Version%3Dv4.0"
		ProjectReferences = "{E5935C1C-6B2E-422B-A2E0-3F7D75FA71FD}|EntidadesCompartidas.dll;{421EF028-6951-476F-84DD-F7114AC9A07E}|Logica.dll;{CC500EC3-5130-48DA-B82A-D07548F265DE}|Persistencia.dll;"
		Debug.AspNetCompiler.VirtualPath = "/WebSite"
		Debug.AspNetCompiler.PhysicalPath = "..\WebSite\"
		Debug.AspNetCompiler.TargetPath = "PrecompiledWeb\WebSite\"
		Debug.AspNetCompiler.Updateable = "true"
		Debug.AspNetCompiler.ForceOverwrite = "true"
		Debug.AspNetCompiler.FixedNames = "false"
		Debug.AspNetCompiler.Debug = "True"
		Release.AspNetCompiler.VirtualPath = "/WebSite"
		Release.AspNetCompiler.PhysicalPath = "..\WebSite\"
		Release.AspNetCompiler.TargetPath = "PrecompiledWeb\WebSite\"
		Release.AspNetCompiler.Updateable = "true"
		Release.AspNetCompiler.ForceOverwrite = "true"
		Release.AspNetCompiler.FixedNames = "false"
		Release.AspNetCompiler.Debug = "False"
		VWDPort = "51860"
		DefaultWebSiteLanguage = "Visual C#"
	EndProjectSection
EndProject
Project("{FAE04EC0-301F-11D3-BF4B-00C04F79EFBC}") = "EntidadesCompartidas", "EntidadesCompartidas\EntidadesCompartidas.csproj", "{E5935C1C-6B2E-422B-A2E0-3F7D75FA71FD}"
EndProject
Project("{FAE04EC0-301F-11D3-BF4B-00C04F79EFBC}") = "Logica", "Logica\Logica.csproj", "{421EF028-6951-476F-84DD-F7114AC9A07E}"
EndProject
Project("{FAE04EC0-301F-11D3-BF4B-00C04F79EFBC}") = "Persistencia", "Persistencia\Persistencia.csproj", "{CC500EC3-5130-48DA-B82A-D07548F265DE}"
EndProject
Global
	GlobalSection(SolutionConfigurationPlatforms) = preSolution
		Debug|Any CPU = Debug|Any CPU
		Release|Any CPU = Release|Any CPU
	EndGlobalSection
	GlobalSection(ProjectConfigurationPlatforms) = postSolution
		{378C3D4E-B79A-42F7-8527-AE5DBAD56526}.Debug|Any CPU.ActiveCfg = Debug|Any CPU
		{378C3D4E-B79A-42F7-8527-AE5DBAD56526}.Debug|Any CPU.Build.0 = Debug|Any CPU
		{378C3D4E-B79A-42F7-8527-AE5DBAD56526}.Release|Any CPU.ActiveCfg = Debug|Any CPU
		{378C3D4E-B79A-42F7-8527-AE5DBAD56526}.Release|Any CPU.Build.0 = Debug|Any CPU
		{E5935C1C-6B2E-422B-A2E0-3F7D75FA71FD}.Debug|Any CPU.ActiveCfg = Debug|Any CPU
		{E5935C1C-6B2E-422B-A2E0-3F7D75FA71FD}.Debug|Any CPU.Build.0 = Debug|Any CPU
		{E5935C1C-6B2E-422B-A2E0-3F7D75FA71FD}.Release|Any CPU.ActiveCfg = Release|Any CPU
		{E5935C1C-6B2E-422B-A2E0-3F7D75FA71FD}.Release|Any CPU.Build.0 = Release|Any CPU
		{421EF028-6951-476F-84DD-F7114AC9A07E}.Debug|Any CPU.ActiveCfg = Debug|Any CPU
		{421EF028-6951-476F-84DD-F7114AC9A07E}.Debug|Any CPU.Build.0 = Debug|Any CPU
		{421EF028-6951-476F-84DD-F7114AC9A07E}.Release|Any CPU.ActiveCfg = Release|Any CPU
		{421EF028-6951-476F-84DD-F7114AC9A07E}.Release|Any CPU.Build.0 = Release|Any CPU
		{CC500EC3-5130-48DA-B82A-D07548F265DE}.Debug|Any CPU.ActiveCfg = Debug|Any CPU
		{CC500EC3-5130-48DA-B82A-D07548F265DE}.Debug|Any CPU.Build.0 = Debug|Any CPU
		{CC500EC3-5130-48DA-B82A-D07548F265DE}.Release|Any CPU.ActiveCfg = Release|Any CPU
		{CC500EC3-5130-48DA-B82A-D07548F265DE}.Release|Any CPU.Build.0 = Release|Any CPU
	EndGlobalSection
	GlobalSection(SolutionProperties) = preSolution
		HideSolutionNode = FALSE
	EndGlobalSection
EndGlobal
